// !$*UTF8*$!
{
	archiveVersion = 1;
	classes = {
	};
	objectVersion = 46;
	objects = {

/* Begin PBXBuildFile section */
		08395B86F05288ADBA528521 /* libPods-TUTCafeterias.a in Frameworks */ = {isa = PBXBuildFile; fileRef = 9C6ECDA3A57E6438F71CA56D /* libPods-TUTCafeterias.a */; };
		59A147B21AEB8D7F00377527 /* Homestead-Display.ttf in Resources */ = {isa = PBXBuildFile; fileRef = 59A147AC1AEB8D7F00377527 /* Homestead-Display.ttf */; };
		59A147B31AEB8D7F00377527 /* Homestead-Inline.ttf in Resources */ = {isa = PBXBuildFile; fileRef = 59A147AD1AEB8D7F00377527 /* Homestead-Inline.ttf */; };
		59A147B41AEB8D7F00377527 /* Homestead-One.ttf in Resources */ = {isa = PBXBuildFile; fileRef = 59A147AE1AEB8D7F00377527 /* Homestead-One.ttf */; };
		59A147B51AEB8D7F00377527 /* Homestead-Regular.ttf in Resources */ = {isa = PBXBuildFile; fileRef = 59A147AF1AEB8D7F00377527 /* Homestead-Regular.ttf */; };
		59A147B61AEB8D7F00377527 /* Homestead-Three.ttf in Resources */ = {isa = PBXBuildFile; fileRef = 59A147B01AEB8D7F00377527 /* Homestead-Three.ttf */; };
		59A147B71AEB8D7F00377527 /* Homestead-Two.ttf in Resources */ = {isa = PBXBuildFile; fileRef = 59A147B11AEB8D7F00377527 /* Homestead-Two.ttf */; };
		59A147BA1AEB923D00377527 /* SHCafeteria.m in Sources */ = {isa = PBXBuildFile; fileRef = 59A147B91AEB923D00377527 /* SHCafeteria.m */; };
		59D0005A1AEBC07A00C6C958 /* SHCategoriesTableViewCell.m in Sources */ = {isa = PBXBuildFile; fileRef = 59D000591AEBC07A00C6C958 /* SHCategoriesTableViewCell.m */; };
		59D0005D1AEBC2EA00C6C958 /* SHCategoriesHeader.m in Sources */ = {isa = PBXBuildFile; fileRef = 59D0005C1AEBC2EA00C6C958 /* SHCategoriesHeader.m */; };
		59D000601AEBFA6B00C6C958 /* SHType.m in Sources */ = {isa = PBXBuildFile; fileRef = 59D0005F1AEBFA6B00C6C958 /* SHType.m */; };
		59D000631AEBFA7800C6C958 /* SHDishType.m in Sources */ = {isa = PBXBuildFile; fileRef = 59D000621AEBFA7800C6C958 /* SHDishType.m */; };
		59E4A0951AEADC57007E4981 /* main.m in Sources */ = {isa = PBXBuildFile; fileRef = 59E4A0941AEADC57007E4981 /* main.m */; };
		59E4A0981AEADC57007E4981 /* AppDelegate.m in Sources */ = {isa = PBXBuildFile; fileRef = 59E4A0971AEADC57007E4981 /* AppDelegate.m */; };
		59E4A0A01AEADC57007E4981 /* Images.xcassets in Resources */ = {isa = PBXBuildFile; fileRef = 59E4A09F1AEADC57007E4981 /* Images.xcassets */; };
		59E4A0A31AEADC57007E4981 /* LaunchScreen.xib in Resources */ = {isa = PBXBuildFile; fileRef = 59E4A0A11AEADC57007E4981 /* LaunchScreen.xib */; };
		59E4A0AF1AEADC57007E4981 /* TUTCafeteriasTests.m in Sources */ = {isa = PBXBuildFile; fileRef = 59E4A0AE1AEADC57007E4981 /* TUTCafeteriasTests.m */; };
		59E4A0C41AEAE7E1007E4981 /* SHFoodViewController.m in Sources */ = {isa = PBXBuildFile; fileRef = 59E4A0C31AEAE7E1007E4981 /* SHFoodViewController.m */; };
		59E4A0CA1AEAEC17007E4981 /* SHCategoriesViewController.m in Sources */ = {isa = PBXBuildFile; fileRef = 59E4A0C91AEAEC17007E4981 /* SHCategoriesViewController.m */; };
		59E4A0D21AEAF40A007E4981 /* SHFood.m in Sources */ = {isa = PBXBuildFile; fileRef = 59E4A0D11AEAF40A007E4981 /* SHFood.m */; };
		59E4A0D61AEAFE88007E4981 /* SHFoodTableViewCell.m in Sources */ = {isa = PBXBuildFile; fileRef = 59E4A0D51AEAFE88007E4981 /* SHFoodTableViewCell.m */; };
/* End PBXBuildFile section */

/* Begin PBXContainerItemProxy section */
		59E4A0A91AEADC57007E4981 /* PBXContainerItemProxy */ = {
			isa = PBXContainerItemProxy;
			containerPortal = 59E4A0871AEADC57007E4981 /* Project object */;
			proxyType = 1;
			remoteGlobalIDString = 59E4A08E1AEADC57007E4981;
			remoteInfo = TUTCafeterias;
		};
/* End PBXContainerItemProxy section */

/* Begin PBXFileReference section */
		4EB79E27CD61FF828045ADAF /* Pods-TUTCafeterias.release.xcconfig */ = {isa = PBXFileReference; includeInIndex = 1; lastKnownFileType = text.xcconfig; name = "Pods-TUTCafeterias.release.xcconfig"; path = "Pods/Target Support Files/Pods-TUTCafeterias/Pods-TUTCafeterias.release.xcconfig"; sourceTree = "<group>"; };
		59A147AC1AEB8D7F00377527 /* Homestead-Display.ttf */ = {isa = PBXFileReference; lastKnownFileType = file; path = "Homestead-Display.ttf"; sourceTree = "<group>"; };
		59A147AD1AEB8D7F00377527 /* Homestead-Inline.ttf */ = {isa = PBXFileReference; lastKnownFileType = file; path = "Homestead-Inline.ttf"; sourceTree = "<group>"; };
		59A147AE1AEB8D7F00377527 /* Homestead-One.ttf */ = {isa = PBXFileReference; lastKnownFileType = file; path = "Homestead-One.ttf"; sourceTree = "<group>"; };
		59A147AF1AEB8D7F00377527 /* Homestead-Regular.ttf */ = {isa = PBXFileReference; lastKnownFileType = file; path = "Homestead-Regular.ttf"; sourceTree = "<group>"; };
		59A147B01AEB8D7F00377527 /* Homestead-Three.ttf */ = {isa = PBXFileReference; lastKnownFileType = file; path = "Homestead-Three.ttf"; sourceTree = "<group>"; };
		59A147B11AEB8D7F00377527 /* Homestead-Two.ttf */ = {isa = PBXFileReference; lastKnownFileType = file; path = "Homestead-Two.ttf"; sourceTree = "<group>"; };
		59A147B81AEB923D00377527 /* SHCafeteria.h */ = {isa = PBXFileReference; fileEncoding = 4; lastKnownFileType = sourcecode.c.h; name = SHCafeteria.h; path = Model/SHCafeteria.h; sourceTree = "<group>"; };
		59A147B91AEB923D00377527 /* SHCafeteria.m */ = {isa = PBXFileReference; fileEncoding = 4; lastKnownFileType = sourcecode.c.objc; name = SHCafeteria.m; path = Model/SHCafeteria.m; sourceTree = "<group>"; };
		59D000581AEBC07A00C6C958 /* SHCategoriesTableViewCell.h */ = {isa = PBXFileReference; fileEncoding = 4; lastKnownFileType = sourcecode.c.h; name = SHCategoriesTableViewCell.h; path = Views/SHCategoriesTableViewCell.h; sourceTree = "<group>"; };
		59D000591AEBC07A00C6C958 /* SHCategoriesTableViewCell.m */ = {isa = PBXFileReference; fileEncoding = 4; lastKnownFileType = sourcecode.c.objc; name = SHCategoriesTableViewCell.m; path = Views/SHCategoriesTableViewCell.m; sourceTree = "<group>"; };
		59D0005B1AEBC2EA00C6C958 /* SHCategoriesHeader.h */ = {isa = PBXFileReference; fileEncoding = 4; lastKnownFileType = sourcecode.c.h; name = SHCategoriesHeader.h; path = Views/SHCategoriesHeader.h; sourceTree = "<group>"; };
		59D0005C1AEBC2EA00C6C958 /* SHCategoriesHeader.m */ = {isa = PBXFileReference; fileEncoding = 4; lastKnownFileType = sourcecode.c.objc; name = SHCategoriesHeader.m; path = Views/SHCategoriesHeader.m; sourceTree = "<group>"; };
		59D0005E1AEBFA6B00C6C958 /* SHType.h */ = {isa = PBXFileReference; fileEncoding = 4; lastKnownFileType = sourcecode.c.h; name = SHType.h; path = Model/SHType.h; sourceTree = "<group>"; };
		59D0005F1AEBFA6B00C6C958 /* SHType.m */ = {isa = PBXFileReference; fileEncoding = 4; lastKnownFileType = sourcecode.c.objc; name = SHType.m; path = Model/SHType.m; sourceTree = "<group>"; };
		59D000611AEBFA7800C6C958 /* SHDishType.h */ = {isa = PBXFileReference; fileEncoding = 4; lastKnownFileType = sourcecode.c.h; name = SHDishType.h; path = Model/SHDishType.h; sourceTree = "<group>"; };
		59D000621AEBFA7800C6C958 /* SHDishType.m */ = {isa = PBXFileReference; fileEncoding = 4; lastKnownFileType = sourcecode.c.objc; name = SHDishType.m; path = Model/SHDishType.m; sourceTree = "<group>"; };
		59E4A08F1AEADC57007E4981 /* TUTCafeterias.app */ = {isa = PBXFileReference; explicitFileType = wrapper.application; includeInIndex = 0; path = TUTCafeterias.app; sourceTree = BUILT_PRODUCTS_DIR; };
		59E4A0931AEADC57007E4981 /* Info.plist */ = {isa = PBXFileReference; lastKnownFileType = text.plist.xml; path = Info.plist; sourceTree = "<group>"; };
		59E4A0941AEADC57007E4981 /* main.m */ = {isa = PBXFileReference; lastKnownFileType = sourcecode.c.objc; path = main.m; sourceTree = "<group>"; };
		59E4A0961AEADC57007E4981 /* AppDelegate.h */ = {isa = PBXFileReference; lastKnownFileType = sourcecode.c.h; path = AppDelegate.h; sourceTree = "<group>"; };
		59E4A0971AEADC57007E4981 /* AppDelegate.m */ = {isa = PBXFileReference; lastKnownFileType = sourcecode.c.objc; path = AppDelegate.m; sourceTree = "<group>"; };
		59E4A09F1AEADC57007E4981 /* Images.xcassets */ = {isa = PBXFileReference; lastKnownFileType = folder.assetcatalog; path = Images.xcassets; sourceTree = "<group>"; };
		59E4A0A21AEADC57007E4981 /* Base */ = {isa = PBXFileReference; lastKnownFileType = file.xib; name = Base; path = Base.lproj/LaunchScreen.xib; sourceTree = "<group>"; };
		59E4A0A81AEADC57007E4981 /* TUTCafeteriasTests.xctest */ = {isa = PBXFileReference; explicitFileType = wrapper.cfbundle; includeInIndex = 0; path = TUTCafeteriasTests.xctest; sourceTree = BUILT_PRODUCTS_DIR; };
		59E4A0AD1AEADC57007E4981 /* Info.plist */ = {isa = PBXFileReference; lastKnownFileType = text.plist.xml; path = Info.plist; sourceTree = "<group>"; };
		59E4A0AE1AEADC57007E4981 /* TUTCafeteriasTests.m */ = {isa = PBXFileReference; lastKnownFileType = sourcecode.c.objc; path = TUTCafeteriasTests.m; sourceTree = "<group>"; };
		59E4A0C21AEAE7E1007E4981 /* SHFoodViewController.h */ = {isa = PBXFileReference; fileEncoding = 4; lastKnownFileType = sourcecode.c.h; name = SHFoodViewController.h; path = "View Controllers/SHFoodViewController.h"; sourceTree = "<group>"; };
		59E4A0C31AEAE7E1007E4981 /* SHFoodViewController.m */ = {isa = PBXFileReference; fileEncoding = 4; lastKnownFileType = sourcecode.c.objc; name = SHFoodViewController.m; path = "View Controllers/SHFoodViewController.m"; sourceTree = "<group>"; };
		59E4A0C81AEAEC17007E4981 /* SHCategoriesViewController.h */ = {isa = PBXFileReference; fileEncoding = 4; lastKnownFileType = sourcecode.c.h; name = SHCategoriesViewController.h; path = "View Controllers/SHCategoriesViewController.h"; sourceTree = "<group>"; };
		59E4A0C91AEAEC17007E4981 /* SHCategoriesViewController.m */ = {isa = PBXFileReference; fileEncoding = 4; lastKnownFileType = sourcecode.c.objc; name = SHCategoriesViewController.m; path = "View Controllers/SHCategoriesViewController.m"; sourceTree = "<group>"; };
		59E4A0CB1AEAF169007E4981 /* SHConstants.h */ = {isa = PBXFileReference; fileEncoding = 4; lastKnownFileType = sourcecode.c.h; path = SHConstants.h; sourceTree = "<group>"; };
		59E4A0D01AEAF40A007E4981 /* SHFood.h */ = {isa = PBXFileReference; fileEncoding = 4; lastKnownFileType = sourcecode.c.h; name = SHFood.h; path = Model/SHFood.h; sourceTree = "<group>"; };
		59E4A0D11AEAF40A007E4981 /* SHFood.m */ = {isa = PBXFileReference; fileEncoding = 4; lastKnownFileType = sourcecode.c.objc; name = SHFood.m; path = Model/SHFood.m; sourceTree = "<group>"; };
		59E4A0D41AEAFE88007E4981 /* SHFoodTableViewCell.h */ = {isa = PBXFileReference; fileEncoding = 4; lastKnownFileType = sourcecode.c.h; name = SHFoodTableViewCell.h; path = Views/SHFoodTableViewCell.h; sourceTree = "<group>"; };
		59E4A0D51AEAFE88007E4981 /* SHFoodTableViewCell.m */ = {isa = PBXFileReference; fileEncoding = 4; lastKnownFileType = sourcecode.c.objc; name = SHFoodTableViewCell.m; path = Views/SHFoodTableViewCell.m; sourceTree = "<group>"; };
		9C6ECDA3A57E6438F71CA56D /* libPods-TUTCafeterias.a */ = {isa = PBXFileReference; explicitFileType = archive.ar; includeInIndex = 0; path = "libPods-TUTCafeterias.a"; sourceTree = BUILT_PRODUCTS_DIR; };
		B6D68F3374983D47F72A20D6 /* Pods-TUTCafeterias.debug.xcconfig */ = {isa = PBXFileReference; includeInIndex = 1; lastKnownFileType = text.xcconfig; name = "Pods-TUTCafeterias.debug.xcconfig"; path = "Pods/Target Support Files/Pods-TUTCafeterias/Pods-TUTCafeterias.debug.xcconfig"; sourceTree = "<group>"; };
/* End PBXFileReference section */

/* Begin PBXFrameworksBuildPhase section */
		59E4A08C1AEADC57007E4981 /* Frameworks */ = {
			isa = PBXFrameworksBuildPhase;
			buildActionMask = 2147483647;
			files = (
				08395B86F05288ADBA528521 /* libPods-TUTCafeterias.a in Frameworks */,
			);
			runOnlyForDeploymentPostprocessing = 0;
		};
		59E4A0A51AEADC57007E4981 /* Frameworks */ = {
			isa = PBXFrameworksBuildPhase;
			buildActionMask = 2147483647;
			files = (
			);
			runOnlyForDeploymentPostprocessing = 0;
		};
/* End PBXFrameworksBuildPhase section */

/* Begin PBXGroup section */
		59A147AB1AEB8D6F00377527 /* Fonts */ = {
			isa = PBXGroup;
			children = (
				59A147AC1AEB8D7F00377527 /* Homestead-Display.ttf */,
				59A147AD1AEB8D7F00377527 /* Homestead-Inline.ttf */,
				59A147AE1AEB8D7F00377527 /* Homestead-One.ttf */,
				59A147AF1AEB8D7F00377527 /* Homestead-Regular.ttf */,
				59A147B01AEB8D7F00377527 /* Homestead-Three.ttf */,
				59A147B11AEB8D7F00377527 /* Homestead-Two.ttf */,
			);
			name = Fonts;
			sourceTree = "<group>";
		};
		59E4A0861AEADC57007E4981 = {
			isa = PBXGroup;
			children = (
				59E4A0911AEADC57007E4981 /* TUTCafeterias */,
				59E4A0AB1AEADC57007E4981 /* TUTCafeteriasTests */,
				59E4A0901AEADC57007E4981 /* Products */,
				DBCADE2C0E34A1F2A8841B67 /* Pods */,
				6A3C2DA098C249F11F1C69B7 /* Frameworks */,
			);
			sourceTree = "<group>";
		};
		59E4A0901AEADC57007E4981 /* Products */ = {
			isa = PBXGroup;
			children = (
				59E4A08F1AEADC57007E4981 /* TUTCafeterias.app */,
				59E4A0A81AEADC57007E4981 /* TUTCafeteriasTests.xctest */,
			);
			name = Products;
			sourceTree = "<group>";
		};
		59E4A0911AEADC57007E4981 /* TUTCafeterias */ = {
			isa = PBXGroup;
			children = (
				59E4A0D31AEAFE42007E4981 /* Views */,
				59E4A0CC1AEAF2F9007E4981 /* Model */,
				59E4A0BC1AEAE788007E4981 /* View Controllers */,
				59E4A0921AEADC57007E4981 /* Supporting Files */,
			);
			path = TUTCafeterias;
			sourceTree = "<group>";
		};
		59E4A0921AEADC57007E4981 /* Supporting Files */ = {
			isa = PBXGroup;
			children = (
				59A147AB1AEB8D6F00377527 /* Fonts */,
				59E4A0A11AEADC57007E4981 /* LaunchScreen.xib */,
				59E4A09F1AEADC57007E4981 /* Images.xcassets */,
				59E4A0961AEADC57007E4981 /* AppDelegate.h */,
				59E4A0971AEADC57007E4981 /* AppDelegate.m */,
				59E4A0931AEADC57007E4981 /* Info.plist */,
				59E4A0941AEADC57007E4981 /* main.m */,
				59E4A0CB1AEAF169007E4981 /* SHConstants.h */,
			);
			name = "Supporting Files";
			sourceTree = "<group>";
		};
		59E4A0AB1AEADC57007E4981 /* TUTCafeteriasTests */ = {
			isa = PBXGroup;
			children = (
				59E4A0AE1AEADC57007E4981 /* TUTCafeteriasTests.m */,
				59E4A0AC1AEADC57007E4981 /* Supporting Files */,
			);
			path = TUTCafeteriasTests;
			sourceTree = "<group>";
		};
		59E4A0AC1AEADC57007E4981 /* Supporting Files */ = {
			isa = PBXGroup;
			children = (
				59E4A0AD1AEADC57007E4981 /* Info.plist */,
			);
			name = "Supporting Files";
			sourceTree = "<group>";
		};
		59E4A0BC1AEAE788007E4981 /* View Controllers */ = {
			isa = PBXGroup;
			children = (
				59E4A0C81AEAEC17007E4981 /* SHCategoriesViewController.h */,
				59E4A0C91AEAEC17007E4981 /* SHCategoriesViewController.m */,
				59E4A0C21AEAE7E1007E4981 /* SHFoodViewController.h */,
				59E4A0C31AEAE7E1007E4981 /* SHFoodViewController.m */,
			);
			name = "View Controllers";
			sourceTree = "<group>";
		};
		59E4A0CC1AEAF2F9007E4981 /* Model */ = {
			isa = PBXGroup;
			children = (
				59A147B81AEB923D00377527 /* SHCafeteria.h */,
				59A147B91AEB923D00377527 /* SHCafeteria.m */,
				59E4A0D01AEAF40A007E4981 /* SHFood.h */,
				59E4A0D11AEAF40A007E4981 /* SHFood.m */,
				59D0005E1AEBFA6B00C6C958 /* SHType.h */,
				59D0005F1AEBFA6B00C6C958 /* SHType.m */,
				59D000611AEBFA7800C6C958 /* SHDishType.h */,
				59D000621AEBFA7800C6C958 /* SHDishType.m */,
			);
			name = Model;
			sourceTree = "<group>";
		};
		59E4A0D31AEAFE42007E4981 /* Views */ = {
			isa = PBXGroup;
			children = (
				59E4A0D41AEAFE88007E4981 /* SHFoodTableViewCell.h */,
				59E4A0D51AEAFE88007E4981 /* SHFoodTableViewCell.m */,
				59D000581AEBC07A00C6C958 /* SHCategoriesTableViewCell.h */,
				59D000591AEBC07A00C6C958 /* SHCategoriesTableViewCell.m */,
				59D0005B1AEBC2EA00C6C958 /* SHCategoriesHeader.h */,
				59D0005C1AEBC2EA00C6C958 /* SHCategoriesHeader.m */,
			);
			name = Views;
			sourceTree = "<group>";
		};
		6A3C2DA098C249F11F1C69B7 /* Frameworks */ = {
			isa = PBXGroup;
			children = (
				9C6ECDA3A57E6438F71CA56D /* libPods-TUTCafeterias.a */,
			);
			name = Frameworks;
			sourceTree = "<group>";
		};
		DBCADE2C0E34A1F2A8841B67 /* Pods */ = {
			isa = PBXGroup;
			children = (
				B6D68F3374983D47F72A20D6 /* Pods-TUTCafeterias.debug.xcconfig */,
				4EB79E27CD61FF828045ADAF /* Pods-TUTCafeterias.release.xcconfig */,
			);
			name = Pods;
			sourceTree = "<group>";
		};
/* End PBXGroup section */

/* Begin PBXNativeTarget section */
		59E4A08E1AEADC57007E4981 /* TUTCafeterias */ = {
			isa = PBXNativeTarget;
			buildConfigurationList = 59E4A0B21AEADC57007E4981 /* Build configuration list for PBXNativeTarget "TUTCafeterias" */;
			buildPhases = (
				A3D95A5D83272C5548E07B67 /* Check Pods Manifest.lock */,
				59E4A08B1AEADC57007E4981 /* Sources */,
				59E4A08C1AEADC57007E4981 /* Frameworks */,
				59E4A08D1AEADC57007E4981 /* Resources */,
				1816BD8148027BC774A01668 /* Copy Pods Resources */,
			);
			buildRules = (
			);
			dependencies = (
			);
			name = TUTCafeterias;
			productName = TUTCafeterias;
			productReference = 59E4A08F1AEADC57007E4981 /* TUTCafeterias.app */;
			productType = "com.apple.product-type.application";
		};
		59E4A0A71AEADC57007E4981 /* TUTCafeteriasTests */ = {
			isa = PBXNativeTarget;
			buildConfigurationList = 59E4A0B51AEADC57007E4981 /* Build configuration list for PBXNativeTarget "TUTCafeteriasTests" */;
			buildPhases = (
				59E4A0A41AEADC57007E4981 /* Sources */,
				59E4A0A51AEADC57007E4981 /* Frameworks */,
				59E4A0A61AEADC57007E4981 /* Resources */,
			);
			buildRules = (
			);
			dependencies = (
				59E4A0AA1AEADC57007E4981 /* PBXTargetDependency */,
			);
			name = TUTCafeteriasTests;
			productName = TUTCafeteriasTests;
			productReference = 59E4A0A81AEADC57007E4981 /* TUTCafeteriasTests.xctest */;
			productType = "com.apple.product-type.bundle.unit-test";
		};
/* End PBXNativeTarget section */

/* Begin PBXProject section */
		59E4A0871AEADC57007E4981 /* Project object */ = {
			isa = PBXProject;
			attributes = {
				LastUpgradeCheck = 0630;
				ORGANIZATIONNAME = "Aleksander Grzyb";
				TargetAttributes = {
					59E4A08E1AEADC57007E4981 = {
						CreatedOnToolsVersion = 6.3;
					};
					59E4A0A71AEADC57007E4981 = {
						CreatedOnToolsVersion = 6.3;
						TestTargetID = 59E4A08E1AEADC57007E4981;
					};
				};
			};
			buildConfigurationList = 59E4A08A1AEADC57007E4981 /* Build configuration list for PBXProject "TUTCafeterias" */;
			compatibilityVersion = "Xcode 3.2";
			developmentRegion = English;
			hasScannedForEncodings = 0;
			knownRegions = (
				en,
				Base,
			);
			mainGroup = 59E4A0861AEADC57007E4981;
			productRefGroup = 59E4A0901AEADC57007E4981 /* Products */;
			projectDirPath = "";
			projectRoot = "";
			targets = (
				59E4A08E1AEADC57007E4981 /* TUTCafeterias */,
				59E4A0A71AEADC57007E4981 /* TUTCafeteriasTests */,
			);
		};
/* End PBXProject section */

/* Begin PBXResourcesBuildPhase section */
		59E4A08D1AEADC57007E4981 /* Resources */ = {
			isa = PBXResourcesBuildPhase;
			buildActionMask = 2147483647;
			files = (
				59A147B41AEB8D7F00377527 /* Homestead-One.ttf in Resources */,
				59A147B21AEB8D7F00377527 /* Homestead-Display.ttf in Resources */,
				59E4A0A31AEADC57007E4981 /* LaunchScreen.xib in Resources */,
				59A147B31AEB8D7F00377527 /* Homestead-Inline.ttf in Resources */,
				59A147B51AEB8D7F00377527 /* Homestead-Regular.ttf in Resources */,
				59A147B61AEB8D7F00377527 /* Homestead-Three.ttf in Resources */,
				59A147B71AEB8D7F00377527 /* Homestead-Two.ttf in Resources */,
				59E4A0A01AEADC57007E4981 /* Images.xcassets in Resources */,
			);
			runOnlyForDeploymentPostprocessing = 0;
		};
		59E4A0A61AEADC57007E4981 /* Resources */ = {
			isa = PBXResourcesBuildPhase;
			buildActionMask = 2147483647;
			files = (
			);
			runOnlyForDeploymentPostprocessing = 0;
		};
/* End PBXResourcesBuildPhase section */

/* Begin PBXShellScriptBuildPhase section */
		1816BD8148027BC774A01668 /* Copy Pods Resources */ = {
			isa = PBXShellScriptBuildPhase;
			buildActionMask = 2147483647;
			files = (
			);
			inputPaths = (
			);
			name = "Copy Pods Resources";
			outputPaths = (
			);
			runOnlyForDeploymentPostprocessing = 0;
			shellPath = /bin/sh;
			shellScript = "\"${SRCROOT}/Pods/Target Support Files/Pods-TUTCafeterias/Pods-TUTCafeterias-resources.sh\"\n";
			showEnvVarsInLog = 0;
		};
		A3D95A5D83272C5548E07B67 /* Check Pods Manifest.lock */ = {
			isa = PBXShellScriptBuildPhase;
			buildActionMask = 2147483647;
			files = (
			);
			inputPaths = (
			);
			name = "Check Pods Manifest.lock";
			outputPaths = (
			);
			runOnlyForDeploymentPostprocessing = 0;
			shellPath = /bin/sh;
			shellScript = "diff \"${PODS_ROOT}/../Podfile.lock\" \"${PODS_ROOT}/Manifest.lock\" > /dev/null\nif [[ $? != 0 ]] ; then\n    cat << EOM\nerror: The sandbox is not in sync with the Podfile.lock. Run 'pod install' or update your CocoaPods installation.\nEOM\n    exit 1\nfi\n";
			showEnvVarsInLog = 0;
		};
/* End PBXShellScriptBuildPhase section */

/* Begin PBXSourcesBuildPhase section */
		59E4A08B1AEADC57007E4981 /* Sources */ = {
			isa = PBXSourcesBuildPhase;
			buildActionMask = 2147483647;
			files = (
				59E4A0C41AEAE7E1007E4981 /* SHFoodViewController.m in Sources */,
				59E4A0981AEADC57007E4981 /* AppDelegate.m in Sources */,
				59D000631AEBFA7800C6C958 /* SHDishType.m in Sources */,
				59D0005A1AEBC07A00C6C958 /* SHCategoriesTableViewCell.m in Sources */,
				59E4A0D21AEAF40A007E4981 /* SHFood.m in Sources */,
				59A147BA1AEB923D00377527 /* SHCafeteria.m in Sources */,
				59E4A0D61AEAFE88007E4981 /* SHFoodTableViewCell.m in Sources */,
				59D000601AEBFA6B00C6C958 /* SHType.m in Sources */,
				59E4A0951AEADC57007E4981 /* main.m in Sources */,
				59E4A0CA1AEAEC17007E4981 /* SHCategoriesViewController.m in Sources */,
				59D0005D1AEBC2EA00C6C958 /* SHCategoriesHeader.m in Sources */,
			);
			runOnlyForDeploymentPostprocessing = 0;
		};
		59E4A0A41AEADC57007E4981 /* Sources */ = {
			isa = PBXSourcesBuildPhase;
			buildActionMask = 2147483647;
			files = (
				59E4A0AF1AEADC57007E4981 /* TUTCafeteriasTests.m in Sources */,
			);
			runOnlyForDeploymentPostprocessing = 0;
		};
/* End PBXSourcesBuildPhase section */

/* Begin PBXTargetDependency section */
		59E4A0AA1AEADC57007E4981 /* PBXTargetDependency */ = {
			isa = PBXTargetDependency;
			target = 59E4A08E1AEADC57007E4981 /* TUTCafeterias */;
			targetProxy = 59E4A0A91AEADC57007E4981 /* PBXContainerItemProxy */;
		};
/* End PBXTargetDependency section */

/* Begin PBXVariantGroup section */
		59E4A0A11AEADC57007E4981 /* LaunchScreen.xib */ = {
			isa = PBXVariantGroup;
			children = (
				59E4A0A21AEADC57007E4981 /* Base */,
			);
			name = LaunchScreen.xib;
			sourceTree = "<group>";
		};
/* End PBXVariantGroup section */

/* Begin XCBuildConfiguration section */
		59E4A0B01AEADC57007E4981 /* Debug */ = {
			isa = XCBuildConfiguration;
			buildSettings = {
				ALWAYS_SEARCH_USER_PATHS = NO;
				CLANG_CXX_LANGUAGE_STANDARD = "gnu++0x";
				CLANG_CXX_LIBRARY = "libc++";
				CLANG_ENABLE_MODULES = YES;
				CLANG_ENABLE_OBJC_ARC = YES;
				CLANG_WARN_BOOL_CONVERSION = YES;
				CLANG_WARN_CONSTANT_CONVERSION = YES;
				CLANG_WARN_DIRECT_OBJC_ISA_USAGE = YES_ERROR;
				CLANG_WARN_EMPTY_BODY = YES;
				CLANG_WARN_ENUM_CONVERSION = YES;
				CLANG_WARN_INT_CONVERSION = YES;
				CLANG_WARN_OBJC_ROOT_CLASS = YES_ERROR;
				CLANG_WARN_UNREACHABLE_CODE = YES;
				CLANG_WARN__DUPLICATE_METHOD_MATCH = YES;
				"CODE_SIGN_IDENTITY[sdk=iphoneos*]" = "iPhone Developer";
				COPY_PHASE_STRIP = NO;
				DEBUG_INFORMATION_FORMAT = "dwarf-with-dsym";
				ENABLE_STRICT_OBJC_MSGSEND = YES;
				GCC_C_LANGUAGE_STANDARD = gnu99;
				GCC_DYNAMIC_NO_PIC = NO;
				GCC_NO_COMMON_BLOCKS = YES;
				GCC_OPTIMIZATION_LEVEL = 0;
				GCC_PREPROCESSOR_DEFINITIONS = (
					"DEBUG=1",
					"$(inherited)",
				);
				GCC_SYMBOLS_PRIVATE_EXTERN = NO;
				GCC_WARN_64_TO_32_BIT_CONVERSION = YES;
				GCC_WARN_ABOUT_RETURN_TYPE = YES_ERROR;
				GCC_WARN_UNDECLARED_SELECTOR = YES;
				GCC_WARN_UNINITIALIZED_AUTOS = YES_AGGRESSIVE;
				GCC_WARN_UNUSED_FUNCTION = YES;
				GCC_WARN_UNUSED_VARIABLE = YES;
				IPHONEOS_DEPLOYMENT_TARGET = 8.3;
				MTL_ENABLE_DEBUG_INFO = YES;
				ONLY_ACTIVE_ARCH = YES;
				SDKROOT = iphoneos;
			};
			name = Debug;
		};
		59E4A0B11AEADC57007E4981 /* Release */ = {
			isa = XCBuildConfiguration;
			buildSettings = {
				ALWAYS_SEARCH_USER_PATHS = NO;
				CLANG_CXX_LANGUAGE_STANDARD = "gnu++0x";
				CLANG_CXX_LIBRARY = "libc++";
				CLANG_ENABLE_MODULES = YES;
				CLANG_ENABLE_OBJC_ARC = YES;
				CLANG_WARN_BOOL_CONVERSION = YES;
				CLANG_WARN_CONSTANT_CONVERSION = YES;
				CLANG_WARN_DIRECT_OBJC_ISA_USAGE = YES_ERROR;
				CLANG_WARN_EMPTY_BODY = YES;
				CLANG_WARN_ENUM_CONVERSION = YES;
				CLANG_WARN_INT_CONVERSION = YES;
				CLANG_WARN_OBJC_ROOT_CLASS = YES_ERROR;
				CLANG_WARN_UNREACHABLE_CODE = YES;
				CLANG_WARN__DUPLICATE_METHOD_MATCH = YES;
				"CODE_SIGN_IDENTITY[sdk=iphoneos*]" = "iPhone Developer";
				COPY_PHASE_STRIP = NO;
				DEBUG_INFORMATION_FORMAT = "dwarf-with-dsym";
				ENABLE_NS_ASSERTIONS = NO;
				ENABLE_STRICT_OBJC_MSGSEND = YES;
				GCC_C_LANGUAGE_STANDARD = gnu99;
				GCC_NO_COMMON_BLOCKS = YES;
				GCC_WARN_64_TO_32_BIT_CONVERSION = YES;
				GCC_WARN_ABOUT_RETURN_TYPE = YES_ERROR;
				GCC_WARN_UNDECLARED_SELECTOR = YES;
				GCC_WARN_UNINITIALIZED_AUTOS = YES_AGGRESSIVE;
				GCC_WARN_UNUSED_FUNCTION = YES;
				GCC_WARN_UNUSED_VARIABLE = YES;
				IPHONEOS_DEPLOYMENT_TARGET = 8.3;
				MTL_ENABLE_DEBUG_INFO = NO;
				SDKROOT = iphoneos;
				VALIDATE_PRODUCT = YES;
			};
			name = Release;
		};
		59E4A0B31AEADC57007E4981 /* Debug */ = {
			isa = XCBuildConfiguration;
			baseConfigurationReference = B6D68F3374983D47F72A20D6 /* Pods-TUTCafeterias.debug.xcconfig */;
			buildSettings = {
				ASSETCATALOG_COMPILER_APPICON_NAME = AppIcon;
				INFOPLIST_FILE = TUTCafeterias/Info.plist;
				LD_RUNPATH_SEARCH_PATHS = "$(inherited) @executable_path/Frameworks";
				PRODUCT_NAME = "$(TARGET_NAME)";
			};
			name = Debug;
		};
		59E4A0B41AEADC57007E4981 /* Release */ = {
			isa = XCBuildConfiguration;
			baseConfigurationReference = 4EB79E27CD61FF828045ADAF /* Pods-TUTCafeterias.release.xcconfig */;
			buildSettings = {
				ASSETCATALOG_COMPILER_APPICON_NAME = AppIcon;
				INFOPLIST_FILE = TUTCafeterias/Info.plist;
				LD_RUNPATH_SEARCH_PATHS = "$(inherited) @executable_path/Frameworks";
				PRODUCT_NAME = "$(TARGET_NAME)";
			};
			name = Release;
		};
		59E4A0B61AEADC57007E4981 /* Debug */ = {
			isa = XCBuildConfiguration;
			buildSettings = {
				BUNDLE_LOADER = "$(TEST_HOST)";
				FRAMEWORK_SEARCH_PATHS = (
					"$(SDKROOT)/Developer/Library/Frameworks",
					"$(inherited)",
				);
				GCC_PREPROCESSOR_DEFINITIONS = (
					"DEBUG=1",
					"$(inherited)",
				);
				INFOPLIST_FILE = TUTCafeteriasTests/Info.plist;
				LD_RUNPATH_SEARCH_PATHS = "$(inherited) @executable_path/Frameworks @loader_path/Frameworks";
				PRODUCT_NAME = "$(TARGET_NAME)";
				TEST_HOST = "$(BUILT_PRODUCTS_DIR)/TUTCafeterias.app/TUTCafeterias";
			};
			name = Debug;
		};
		59E4A0B71AEADC57007E4981 /* Release */ = {
			isa = XCBuildConfiguration;
			buildSettings = {
				BUNDLE_LOADER = "$(TEST_HOST)";
				FRAMEWORK_SEARCH_PATHS = (
					"$(SDKROOT)/Developer/Library/Frameworks",
					"$(inherited)",
				);
				INFOPLIST_FILE = TUTCafeteriasTests/Info.plist;
				LD_RUNPATH_SEARCH_PATHS = "$(inherited) @executable_path/Frameworks @loader_path/Frameworks";
				PRODUCT_NAME = "$(TARGET_NAME)";
				TEST_HOST = "$(BUILT_PRODUCTS_DIR)/TUTCafeterias.app/TUTCafeterias";
			};
			name = Release;
		};
/* End XCBuildConfiguration section */

/* Begin XCConfigurationList section */
		59E4A08A1AEADC57007E4981 /* Build configuration list for PBXProject "TUTCafeterias" */ = {
			isa = XCConfigurationList;
			buildConfigurations = (
				59E4A0B01AEADC57007E4981 /* Debug */,
				59E4A0B11AEADC57007E4981 /* Release */,
			);
			defaultConfigurationIsVisible = 0;
			defaultConfigurationName = Release;
		};
		59E4A0B21AEADC57007E4981 /* Build configuration list for PBXNativeTarget "TUTCafeterias" */ = {
			isa = XCConfigurationList;
			buildConfigurations = (
				59E4A0B31AEADC57007E4981 /* Debug */,
				59E4A0B41AEADC57007E4981 /* Release */,
			);
			defaultConfigurationIsVisible = 0;
			defaultConfigurationName = Release;
		};
		59E4A0B51AEADC57007E4981 /* Build configuration list for PBXNativeTarget "TUTCafeteriasTests" */ = {
			isa = XCConfigurationList;
			buildConfigurations = (
				59E4A0B61AEADC57007E4981 /* Debug */,
				59E4A0B71AEADC57007E4981 /* Release */,
			);
			defaultConfigurationIsVisible = 0;
			defaultConfigurationName = Release;
		};
/* End XCConfigurationList section */
	};
	rootObject = 59E4A0871AEADC57007E4981 /* Project object */;
}
